
Microsoft Visual Studio Solution File, Format Version 12.00
# Visual Studio Version 16
VisualStudioVersion = 16.0.30503.244
MinimumVisualStudioVersion = 10.0.40219.1
Project("{FAE04EC0-301F-11D3-BF4B-00C04F79EFBC}") = "fms", "fms\fms.csproj", "{4581F29E-D62E-45A9-9485-ED182CCC9209}"
EndProject
Global
	GlobalSection(SolutionConfigurationPlatforms) = preSolution
		Debug|Any CPU = Debug|Any CPU
		Release|Any CPU = Release|Any CPU
	EndGlobalSection
	GlobalSection(ProjectConfigurationPlatforms) = postSolution
		{4581F29E-D62E-45A9-9485-ED182CCC9209}.Debug|Any CPU.ActiveCfg = Debug|Any CPU
		{4581F29E-D62E-45A9-9485-ED182CCC9209}.Debug|Any CPU.Build.0 = Debug|Any CPU
		{4581F29E-D62E-45A9-9485-ED182CCC9209}.Release|Any CPU.ActiveCfg = Release|Any CPU
		{4581F29E-D62E-45A9-9485-ED182CCC9209}.Release|Any CPU.Build.0 = Release|Any CPU
	EndGlobalSection
	GlobalSection(SolutionProperties) = preSolution
		HideSolutionNode = FALSE
	EndGlobalSection
	GlobalSection(ExtensibilityGlobals) = postSolution
		SolutionGuid = {4415DC41-E8DD-49B5-BCE8-E65313BBD96C}
	EndGlobalSection
EndGlobal
